
Microsoft Visual Studio Solution File, Format Version 12.00
# Visual Studio Version 16
VisualStudioVersion = 16.0.30804.86
MinimumVisualStudioVersion = 10.0.40219.1
Project("{FAE04EC0-301F-11D3-BF4B-00C04F79EFBC}") = "BankaServis", "BankaServis\BankaServis.csproj", "{6B2A0039-04DA-41F6-A8BD-123A41222F16}"
EndProject
Project("{FAE04EC0-301F-11D3-BF4B-00C04F79EFBC}") = "Client", "Client\Client.csproj", "{C147E6D7-4255-4430-8A1D-83B4E5EB7057}"
EndProject
Project("{FAE04EC0-301F-11D3-BF4B-00C04F79EFBC}") = "Contracts", "Contracts\Contracts.csproj", "{2DA5E409-0121-4122-BF86-8CF91A4CEC15}"
EndProject
Project("{FAE04EC0-301F-11D3-BF4B-00C04F79EFBC}") = "Manager", "Manager\Manager.csproj", "{0E9FD030-7FF2-4E99-8566-2CDC21554E34}"
EndProject
Global
	GlobalSection(SolutionConfigurationPlatforms) = preSolution
		Debug|Any CPU = Debug|Any CPU
		Release|Any CPU = Release|Any CPU
	EndGlobalSection
	GlobalSection(ProjectConfigurationPlatforms) = postSolution
		{6B2A0039-04DA-41F6-A8BD-123A41222F16}.Debug|Any CPU.ActiveCfg = Debug|Any CPU
		{6B2A0039-04DA-41F6-A8BD-123A41222F16}.Debug|Any CPU.Build.0 = Debug|Any CPU
		{6B2A0039-04DA-41F6-A8BD-123A41222F16}.Release|Any CPU.ActiveCfg = Release|Any CPU
		{6B2A0039-04DA-41F6-A8BD-123A41222F16}.Release|Any CPU.Build.0 = Release|Any CPU
		{C147E6D7-4255-4430-8A1D-83B4E5EB7057}.Debug|Any CPU.ActiveCfg = Debug|Any CPU
		{C147E6D7-4255-4430-8A1D-83B4E5EB7057}.Debug|Any CPU.Build.0 = Debug|Any CPU
		{C147E6D7-4255-4430-8A1D-83B4E5EB7057}.Release|Any CPU.ActiveCfg = Release|Any CPU
		{C147E6D7-4255-4430-8A1D-83B4E5EB7057}.Release|Any CPU.Build.0 = Release|Any CPU
		{2DA5E409-0121-4122-BF86-8CF91A4CEC15}.Debug|Any CPU.ActiveCfg = Debug|Any CPU
		{2DA5E409-0121-4122-BF86-8CF91A4CEC15}.Debug|Any CPU.Build.0 = Debug|Any CPU
		{2DA5E409-0121-4122-BF86-8CF91A4CEC15}.Release|Any CPU.ActiveCfg = Release|Any CPU
		{2DA5E409-0121-4122-BF86-8CF91A4CEC15}.Release|Any CPU.Build.0 = Release|Any CPU
		{0E9FD030-7FF2-4E99-8566-2CDC21554E34}.Debug|Any CPU.ActiveCfg = Debug|Any CPU
		{0E9FD030-7FF2-4E99-8566-2CDC21554E34}.Debug|Any CPU.Build.0 = Debug|Any CPU
		{0E9FD030-7FF2-4E99-8566-2CDC21554E34}.Release|Any CPU.ActiveCfg = Release|Any CPU
		{0E9FD030-7FF2-4E99-8566-2CDC21554E34}.Release|Any CPU.Build.0 = Release|Any CPU
	EndGlobalSection
	GlobalSection(SolutionProperties) = preSolution
		HideSolutionNode = FALSE
	EndGlobalSection
	GlobalSection(ExtensibilityGlobals) = postSolution
		SolutionGuid = {1A187810-04DC-4318-91F7-3EF6F845A3F9}
	EndGlobalSection
EndGlobal
